// !$*UTF8*$!
{
	archiveVersion = 1;
	classes = {
	};
	objectVersion = 77;
	objects = {

/* Begin PBXBuildFile section */
		9F8C57642E5AC172001803F2 /* PinLayout in Frameworks */ = {isa = PBXBuildFile; productRef = 9F8C57632E5AC172001803F2 /* PinLayout */; };
		9F8C577D2E5AC249001803F2 /* ReactorKit in Frameworks */ = {isa = PBXBuildFile; productRef = 9F8C577C2E5AC249001803F2 /* ReactorKit */; };
		9F8C57802E5AC26B001803F2 /* RxCocoa in Frameworks */ = {isa = PBXBuildFile; productRef = 9F8C577F2E5AC26B001803F2 /* RxCocoa */; };
		9F8C57822E5AC26B001803F2 /* RxRelay in Frameworks */ = {isa = PBXBuildFile; productRef = 9F8C57812E5AC26B001803F2 /* RxRelay */; };
		9F8C57842E5AC26B001803F2 /* RxSwift in Frameworks */ = {isa = PBXBuildFile; productRef = 9F8C57832E5AC26B001803F2 /* RxSwift */; };
		9FA7F69F2E767D9A000BEF34 /* ObjectMapper in Frameworks */ = {isa = PBXBuildFile; productRef = 9FA7F69E2E767D9A000BEF34 /* ObjectMapper */; };
		9FD592532E6D21CB005E9CC9 /* CombineMoya in Frameworks */ = {isa = PBXBuildFile; productRef = 9FD592522E6D21CB005E9CC9 /* CombineMoya */; };
		9FD592552E6D21CB005E9CC9 /* Moya in Frameworks */ = {isa = PBXBuildFile; productRef = 9FD592542E6D21CB005E9CC9 /* Moya */; };
		9FD592572E6D21CB005E9CC9 /* ReactiveMoya in Frameworks */ = {isa = PBXBuildFile; productRef = 9FD592562E6D21CB005E9CC9 /* ReactiveMoya */; };
		9FD592592E6D21CB005E9CC9 /* RxMoya in Frameworks */ = {isa = PBXBuildFile; productRef = 9FD592582E6D21CB005E9CC9 /* RxMoya */; };
/* End PBXBuildFile section */

/* Begin PBXFileReference section */
		9F8C573E2E5AC091001803F2 /* reactorKit2.app */ = {isa = PBXFileReference; explicitFileType = wrapper.application; includeInIndex = 0; path = reactorKit2.app; sourceTree = BUILT_PRODUCTS_DIR; };
/* End PBXFileReference section */

/* Begin PBXFileSystemSynchronizedBuildFileExceptionSet section */
		9F8C57502E5AC092001803F2 /* Exceptions for "reactorKit2" folder in "reactorKit2" target */ = {
			isa = PBXFileSystemSynchronizedBuildFileExceptionSet;
			membershipExceptions = (
				Info.plist,
			);
			target = 9F8C573D2E5AC091001803F2 /* reactorKit2 */;
		};
/* End PBXFileSystemSynchronizedBuildFileExceptionSet section */

/* Begin PBXFileSystemSynchronizedRootGroup section */
		9F8C57402E5AC091001803F2 /* reactorKit2 */ = {
			isa = PBXFileSystemSynchronizedRootGroup;
			exceptions = (
				9F8C57502E5AC092001803F2 /* Exceptions for "reactorKit2" folder in "reactorKit2" target */,
			);
			path = reactorKit2;
			sourceTree = "<group>";
		};
/* End PBXFileSystemSynchronizedRootGroup section */

/* Begin PBXFrameworksBuildPhase section */
		9F8C573B2E5AC091001803F2 /* Frameworks */ = {
			isa = PBXFrameworksBuildPhase;
			buildActionMask = 2147483647;
			files = (
				9F8C57802E5AC26B001803F2 /* RxCocoa in Frameworks */,
				9F8C577D2E5AC249001803F2 /* ReactorKit in Frameworks */,
				9FD592532E6D21CB005E9CC9 /* CombineMoya in Frameworks */,
				9F8C57842E5AC26B001803F2 /* RxSwift in Frameworks */,
				9F8C57822E5AC26B001803F2 /* RxRelay in Frameworks */,
				9FD592572E6D21CB005E9CC9 /* ReactiveMoya in Frameworks */,
				9FA7F69F2E767D9A000BEF34 /* ObjectMapper in Frameworks */,
				9FD592592E6D21CB005E9CC9 /* RxMoya in Frameworks */,
				9FD592552E6D21CB005E9CC9 /* Moya in Frameworks */,
				9F8C57642E5AC172001803F2 /* PinLayout in Frameworks */,
			);
			runOnlyForDeploymentPostprocessing = 0;
		};
/* End PBXFrameworksBuildPhase section */

/* Begin PBXGroup section */
		9F8C57352E5AC091001803F2 = {
			isa = PBXGroup;
			children = (
				9F8C57402E5AC091001803F2 /* reactorKit2 */,
				9F8C573F2E5AC091001803F2 /* Products */,
			);
			sourceTree = "<group>";
		};
		9F8C573F2E5AC091001803F2 /* Products */ = {
			isa = PBXGroup;
			children = (
				9F8C573E2E5AC091001803F2 /* reactorKit2.app */,
			);
			name = Products;
			sourceTree = "<group>";
		};
/* End PBXGroup section */

/* Begin PBXNativeTarget section */
		9F8C573D2E5AC091001803F2 /* reactorKit2 */ = {
			isa = PBXNativeTarget;
			buildConfigurationList = 9F8C57512E5AC092001803F2 /* Build configuration list for PBXNativeTarget "reactorKit2" */;
			buildPhases = (
				9F8C573A2E5AC091001803F2 /* Sources */,
				9F8C573B2E5AC091001803F2 /* Frameworks */,
				9F8C573C2E5AC091001803F2 /* Resources */,
			);
			buildRules = (
			);
			dependencies = (
			);
			fileSystemSynchronizedGroups = (
				9F8C57402E5AC091001803F2 /* reactorKit2 */,
			);
			name = reactorKit2;
			packageProductDependencies = (
				9F8C57632E5AC172001803F2 /* PinLayout */,
				9F8C577C2E5AC249001803F2 /* ReactorKit */,
				9F8C577F2E5AC26B001803F2 /* RxCocoa */,
				9F8C57812E5AC26B001803F2 /* RxRelay */,
				9F8C57832E5AC26B001803F2 /* RxSwift */,
				9FD592522E6D21CB005E9CC9 /* CombineMoya */,
				9FD592542E6D21CB005E9CC9 /* Moya */,
				9FD592562E6D21CB005E9CC9 /* ReactiveMoya */,
				9FD592582E6D21CB005E9CC9 /* RxMoya */,
				9FA7F69E2E767D9A000BEF34 /* ObjectMapper */,
			);
			productName = reactorKit2;
			productReference = 9F8C573E2E5AC091001803F2 /* reactorKit2.app */;
			productType = "com.apple.product-type.application";
		};
/* End PBXNativeTarget section */

/* Begin PBXProject section */
		9F8C57362E5AC091001803F2 /* Project object */ = {
			isa = PBXProject;
			attributes = {
				BuildIndependentTargetsInParallel = 1;
				LastSwiftUpdateCheck = 1640;
				LastUpgradeCheck = 1640;
				TargetAttributes = {
					9F8C573D2E5AC091001803F2 = {
						CreatedOnToolsVersion = 16.4;
					};
				};
			};
			buildConfigurationList = 9F8C57392E5AC091001803F2 /* Build configuration list for PBXProject "reactorKit2" */;
			developmentRegion = en;
			hasScannedForEncodings = 0;
			knownRegions = (
				en,
				Base,
			);
			mainGroup = 9F8C57352E5AC091001803F2;
			minimizedProjectReferenceProxies = 1;
			packageReferences = (
				9F8C57622E5AC172001803F2 /* XCRemoteSwiftPackageReference "PinLayout" */,
				9F8C577B2E5AC249001803F2 /* XCRemoteSwiftPackageReference "ReactorKit" */,
				9F8C577E2E5AC26B001803F2 /* XCRemoteSwiftPackageReference "RxSwift" */,
				9FD592512E6D21CB005E9CC9 /* XCRemoteSwiftPackageReference "Moya" */,
				9FA7F69D2E767D9A000BEF34 /* XCRemoteSwiftPackageReference "ObjectMapper" */,
			);
			preferredProjectObjectVersion = 77;
			productRefGroup = 9F8C573F2E5AC091001803F2 /* Products */;
			projectDirPath = "";
			projectRoot = "";
			targets = (
				9F8C573D2E5AC091001803F2 /* reactorKit2 */,
			);
		};
/* End PBXProject section */

/* Begin PBXResourcesBuildPhase section */
		9F8C573C2E5AC091001803F2 /* Resources */ = {
			isa = PBXResourcesBuildPhase;
			buildActionMask = 2147483647;
			files = (
			);
			runOnlyForDeploymentPostprocessing = 0;
		};
/* End PBXResourcesBuildPhase section */

/* Begin PBXSourcesBuildPhase section */
		9F8C573A2E5AC091001803F2 /* Sources */ = {
			isa = PBXSourcesBuildPhase;
			buildActionMask = 2147483647;
			files = (
			);
			runOnlyForDeploymentPostprocessing = 0;
		};
/* End PBXSourcesBuildPhase section */

/* Begin XCBuildConfiguration section */
		9F8C57522E5AC092001803F2 /* Debug */ = {
			isa = XCBuildConfiguration;
			buildSettings = {
				ASSETCATALOG_COMPILER_APPICON_NAME = AppIcon;
				ASSETCATALOG_COMPILER_GLOBAL_ACCENT_COLOR_NAME = AccentColor;
				CODE_SIGN_STYLE = Automatic;
				CURRENT_PROJECT_VERSION = 1;
				GENERATE_INFOPLIST_FILE = YES;
				INFOPLIST_FILE = reactorKit2/Info.plist;
				INFOPLIST_KEY_UIApplicationSupportsIndirectInputEvents = YES;
				INFOPLIST_KEY_UILaunchStoryboardName = LaunchScreen;
				INFOPLIST_KEY_UISupportedInterfaceOrientations_iPad = "UIInterfaceOrientationPortrait UIInterfaceOrientationPortraitUpsideDown UIInterfaceOrientationLandscapeLeft UIInterfaceOrientationLandscapeRight";
				INFOPLIST_KEY_UISupportedInterfaceOrientations_iPhone = "UIInterfaceOrientationPortrait UIInterfaceOrientationLandscapeLeft UIInterfaceOrientationLandscapeRight";
				LD_RUNPATH_SEARCH_PATHS = (
					"$(inherited)",
					"@executable_path/Frameworks",
				);
				MARKETING_VERSION = 1.0;
				PRODUCT_BUNDLE_IDENTIFIER = "-3G.reactorKit2";
				PRODUCT_NAME = "$(TARGET_NAME)";
				SWIFT_EMIT_LOC_STRINGS = YES;
				SWIFT_VERSION = 5.0;
				TARGETED_DEVICE_FAMILY = "1,2";
			};
			name = Debug;
		};
		9F8C57532E5AC092001803F2 /* Release */ = {
			isa = XCBuildConfiguration;
			buildSettings = {
				ASSETCATALOG_COMPILER_APPICON_NAME = AppIcon;
				ASSETCATALOG_COMPILER_GLOBAL_ACCENT_COLOR_NAME = AccentColor;
				CODE_SIGN_STYLE = Automatic;
				CURRENT_PROJECT_VERSION = 1;
				GENERATE_INFOPLIST_FILE = YES;
				INFOPLIST_FILE = reactorKit2/Info.plist;
				INFOPLIST_KEY_UIApplicationSupportsIndirectInputEvents = YES;
				INFOPLIST_KEY_UILaunchStoryboardName = LaunchScreen;
				INFOPLIST_KEY_UISupportedInterfaceOrientations_iPad = "UIInterfaceOrientationPortrait UIInterfaceOrientationPortraitUpsideDown UIInterfaceOrientationLandscapeLeft UIInterfaceOrientationLandscapeRight";
				INFOPLIST_KEY_UISupportedInterfaceOrientations_iPhone = "UIInterfaceOrientationPortrait UIInterfaceOrientationLandscapeLeft UIInterfaceOrientationLandscapeRight";
				LD_RUNPATH_SEARCH_PATHS = (
					"$(inherited)",
					"@executable_path/Frameworks",
				);
				MARKETING_VERSION = 1.0;
				PRODUCT_BUNDLE_IDENTIFIER = "-3G.reactorKit2";
				PRODUCT_NAME = "$(TARGET_NAME)";
				SWIFT_EMIT_LOC_STRINGS = YES;
				SWIFT_VERSION = 5.0;
				TARGETED_DEVICE_FAMILY = "1,2";
			};
			name = Release;
		};
		9F8C57542E5AC092001803F2 /* Debug */ = {
			isa = XCBuildConfiguration;
			buildSettings = {
				ALWAYS_SEARCH_USER_PATHS = NO;
				ASSETCATALOG_COMPILER_GENERATE_SWIFT_ASSET_SYMBOL_EXTENSIONS = YES;
				CLANG_ANALYZER_NONNULL = YES;
				CLANG_ANALYZER_NUMBER_OBJECT_CONVERSION = YES_AGGRESSIVE;
				CLANG_CXX_LANGUAGE_STANDARD = "gnu++20";
				CLANG_ENABLE_MODULES = YES;
				CLANG_ENABLE_OBJC_ARC = YES;
				CLANG_ENABLE_OBJC_WEAK = YES;
				CLANG_WARN_BLOCK_CAPTURE_AUTORELEASING = YES;
				CLANG_WARN_BOOL_CONVERSION = YES;
				CLANG_WARN_COMMA = YES;
				CLANG_WARN_CONSTANT_CONVERSION = YES;
				CLANG_WARN_DEPRECATED_OBJC_IMPLEMENTATIONS = YES;
				CLANG_WARN_DIRECT_OBJC_ISA_USAGE = YES_ERROR;
				CLANG_WARN_DOCUMENTATION_COMMENTS = YES;
				CLANG_WARN_EMPTY_BODY = YES;
				CLANG_WARN_ENUM_CONVERSION = YES;
				CLANG_WARN_INFINITE_RECURSION = YES;
				CLANG_WARN_INT_CONVERSION = YES;
				CLANG_WARN_NON_LITERAL_NULL_CONVERSION = YES;
				CLANG_WARN_OBJC_IMPLICIT_RETAIN_SELF = YES;
				CLANG_WARN_OBJC_LITERAL_CONVERSION = YES;
				CLANG_WARN_OBJC_ROOT_CLASS = YES_ERROR;
				CLANG_WARN_QUOTED_INCLUDE_IN_FRAMEWORK_HEADER = YES;
				CLANG_WARN_RANGE_LOOP_ANALYSIS = YES;
				CLANG_WARN_STRICT_PROTOTYPES = YES;
				CLANG_WARN_SUSPICIOUS_MOVE = YES;
				CLANG_WARN_UNGUARDED_AVAILABILITY = YES_AGGRESSIVE;
				CLANG_WARN_UNREACHABLE_CODE = YES;
				CLANG_WARN__DUPLICATE_METHOD_MATCH = YES;
				COPY_PHASE_STRIP = NO;
				DEBUG_INFORMATION_FORMAT = dwarf;
				ENABLE_STRICT_OBJC_MSGSEND = YES;
				ENABLE_TESTABILITY = YES;
				ENABLE_USER_SCRIPT_SANDBOXING = YES;
				GCC_C_LANGUAGE_STANDARD = gnu17;
				GCC_DYNAMIC_NO_PIC = NO;
				GCC_NO_COMMON_BLOCKS = YES;
				GCC_OPTIMIZATION_LEVEL = 0;
				GCC_PREPROCESSOR_DEFINITIONS = (
					"DEBUG=1",
					"$(inherited)",
				);
				GCC_WARN_64_TO_32_BIT_CONVERSION = YES;
				GCC_WARN_ABOUT_RETURN_TYPE = YES_ERROR;
				GCC_WARN_UNDECLARED_SELECTOR = YES;
				GCC_WARN_UNINITIALIZED_AUTOS = YES_AGGRESSIVE;
				GCC_WARN_UNUSED_FUNCTION = YES;
				GCC_WARN_UNUSED_VARIABLE = YES;
				IPHONEOS_DEPLOYMENT_TARGET = 18.5;
				LOCALIZATION_PREFERS_STRING_CATALOGS = YES;
				MTL_ENABLE_DEBUG_INFO = INCLUDE_SOURCE;
				MTL_FAST_MATH = YES;
				ONLY_ACTIVE_ARCH = YES;
				SDKROOT = iphoneos;
				SWIFT_ACTIVE_COMPILATION_CONDITIONS = "DEBUG $(inherited)";
				SWIFT_OPTIMIZATION_LEVEL = "-Onone";
			};
			name = Debug;
		};
		9F8C57552E5AC092001803F2 /* Release */ = {
			isa = XCBuildConfiguration;
			buildSettings = {
				ALWAYS_SEARCH_USER_PATHS = NO;
				ASSETCATALOG_COMPILER_GENERATE_SWIFT_ASSET_SYMBOL_EXTENSIONS = YES;
				CLANG_ANALYZER_NONNULL = YES;
				CLANG_ANALYZER_NUMBER_OBJECT_CONVERSION = YES_AGGRESSIVE;
				CLANG_CXX_LANGUAGE_STANDARD = "gnu++20";
				CLANG_ENABLE_MODULES = YES;
				CLANG_ENABLE_OBJC_ARC = YES;
				CLANG_ENABLE_OBJC_WEAK = YES;
				CLANG_WARN_BLOCK_CAPTURE_AUTORELEASING = YES;
				CLANG_WARN_BOOL_CONVERSION = YES;
				CLANG_WARN_COMMA = YES;
				CLANG_WARN_CONSTANT_CONVERSION = YES;
				CLANG_WARN_DEPRECATED_OBJC_IMPLEMENTATIONS = YES;
				CLANG_WARN_DIRECT_OBJC_ISA_USAGE = YES_ERROR;
				CLANG_WARN_DOCUMENTATION_COMMENTS = YES;
				CLANG_WARN_EMPTY_BODY = YES;
				CLANG_WARN_ENUM_CONVERSION = YES;
				CLANG_WARN_INFINITE_RECURSION = YES;
				CLANG_WARN_INT_CONVERSION = YES;
				CLANG_WARN_NON_LITERAL_NULL_CONVERSION = YES;
				CLANG_WARN_OBJC_IMPLICIT_RETAIN_SELF = YES;
				CLANG_WARN_OBJC_LITERAL_CONVERSION = YES;
				CLANG_WARN_OBJC_ROOT_CLASS = YES_ERROR;
				CLANG_WARN_QUOTED_INCLUDE_IN_FRAMEWORK_HEADER = YES;
				CLANG_WARN_RANGE_LOOP_ANALYSIS = YES;
				CLANG_WARN_STRICT_PROTOTYPES = YES;
				CLANG_WARN_SUSPICIOUS_MOVE = YES;
				CLANG_WARN_UNGUARDED_AVAILABILITY = YES_AGGRESSIVE;
				CLANG_WARN_UNREACHABLE_CODE = YES;
				CLANG_WARN__DUPLICATE_METHOD_MATCH = YES;
				COPY_PHASE_STRIP = NO;
				DEBUG_INFORMATION_FORMAT = "dwarf-with-dsym";
				ENABLE_NS_ASSERTIONS = NO;
				ENABLE_STRICT_OBJC_MSGSEND = YES;
				ENABLE_USER_SCRIPT_SANDBOXING = YES;
				GCC_C_LANGUAGE_STANDARD = gnu17;
				GCC_NO_COMMON_BLOCKS = YES;
				GCC_WARN_64_TO_32_BIT_CONVERSION = YES;
				GCC_WARN_ABOUT_RETURN_TYPE = YES_ERROR;
				GCC_WARN_UNDECLARED_SELECTOR = YES;
				GCC_WARN_UNINITIALIZED_AUTOS = YES_AGGRESSIVE;
				GCC_WARN_UNUSED_FUNCTION = YES;
				GCC_WARN_UNUSED_VARIABLE = YES;
				IPHONEOS_DEPLOYMENT_TARGET = 18.5;
				LOCALIZATION_PREFERS_STRING_CATALOGS = YES;
				MTL_ENABLE_DEBUG_INFO = NO;
				MTL_FAST_MATH = YES;
				SDKROOT = iphoneos;
				SWIFT_COMPILATION_MODE = wholemodule;
				VALIDATE_PRODUCT = YES;
			};
			name = Release;
		};
/* End XCBuildConfiguration section */

/* Begin XCConfigurationList section */
		9F8C57392E5AC091001803F2 /* Build configuration list for PBXProject "reactorKit2" */ = {
			isa = XCConfigurationList;
			buildConfigurations = (
				9F8C57542E5AC092001803F2 /* Debug */,
				9F8C57552E5AC092001803F2 /* Release */,
			);
			defaultConfigurationIsVisible = 0;
			defaultConfigurationName = Release;
		};
		9F8C57512E5AC092001803F2 /* Build configuration list for PBXNativeTarget "reactorKit2" */ = {
			isa = XCConfigurationList;
			buildConfigurations = (
				9F8C57522E5AC092001803F2 /* Debug */,
				9F8C57532E5AC092001803F2 /* Release */,
			);
			defaultConfigurationIsVisible = 0;
			defaultConfigurationName = Release;
		};
/* End XCConfigurationList section */

/* Begin XCRemoteSwiftPackageReference section */
		9F8C57622E5AC172001803F2 /* XCRemoteSwiftPackageReference "PinLayout" */ = {
			isa = XCRemoteSwiftPackageReference;
			repositoryURL = "https://github.com/layoutBox/PinLayout.git";
			requirement = {
				kind = upToNextMajorVersion;
				minimumVersion = 1.10.6;
			};
		};
		9F8C577B2E5AC249001803F2 /* XCRemoteSwiftPackageReference "ReactorKit" */ = {
			isa = XCRemoteSwiftPackageReference;
			repositoryURL = "https://github.com/ReactorKit/ReactorKit.git";
			requirement = {
				kind = upToNextMajorVersion;
				minimumVersion = 3.2.0;
			};
		};
		9F8C577E2E5AC26B001803F2 /* XCRemoteSwiftPackageReference "RxSwift" */ = {
			isa = XCRemoteSwiftPackageReference;
			repositoryURL = "https://github.com/ReactiveX/RxSwift.git";
			requirement = {
				kind = upToNextMajorVersion;
				minimumVersion = 6.9.0;
			};
		};
		9FA7F69D2E767D9A000BEF34 /* XCRemoteSwiftPackageReference "ObjectMapper" */ = {
			isa = XCRemoteSwiftPackageReference;
			repositoryURL = "https://github.com/tristanhimmelman/ObjectMapper.git";
			requirement = {
				kind = upToNextMajorVersion;
				minimumVersion = 4.4.3;
			};
		};
		9FD592512E6D21CB005E9CC9 /* XCRemoteSwiftPackageReference "Moya" */ = {
			isa = XCRemoteSwiftPackageReference;
			repositoryURL = "https://github.com/Moya/Moya.git";
			requirement = {
				kind = upToNextMajorVersion;
				minimumVersion = 15.0.3;
			};
		};
/* End XCRemoteSwiftPackageReference section */

/* Begin XCSwiftPackageProductDependency section */
		9F8C57632E5AC172001803F2 /* PinLayout */ = {
			isa = XCSwiftPackageProductDependency;
			package = 9F8C57622E5AC172001803F2 /* XCRemoteSwiftPackageReference "PinLayout" */;
			productName = PinLayout;
		};
		9F8C577C2E5AC249001803F2 /* ReactorKit */ = {
			isa = XCSwiftPackageProductDependency;
			package = 9F8C577B2E5AC249001803F2 /* XCRemoteSwiftPackageReference "ReactorKit" */;
			productName = ReactorKit;
		};
		9F8C577F2E5AC26B001803F2 /* RxCocoa */ = {
			isa = XCSwiftPackageProductDependency;
			package = 9F8C577E2E5AC26B001803F2 /* XCRemoteSwiftPackageReference "RxSwift" */;
			productName = RxCocoa;
		};
		9F8C57812E5AC26B001803F2 /* RxRelay */ = {
			isa = XCSwiftPackageProductDependency;
			package = 9F8C577E2E5AC26B001803F2 /* XCRemoteSwiftPackageReference "RxSwift" */;
			productName = RxRelay;
		};
		9F8C57832E5AC26B001803F2 /* RxSwift */ = {
			isa = XCSwiftPackageProductDependency;
			package = 9F8C577E2E5AC26B001803F2 /* XCRemoteSwiftPackageReference "RxSwift" */;
			productName = RxSwift;
		};
		9FA7F69E2E767D9A000BEF34 /* ObjectMapper */ = {
			isa = XCSwiftPackageProductDependency;
			package = 9FA7F69D2E767D9A000BEF34 /* XCRemoteSwiftPackageReference "ObjectMapper" */;
			productName = ObjectMapper;
		};
		9FD592522E6D21CB005E9CC9 /* CombineMoya */ = {
			isa = XCSwiftPackageProductDependency;
			package = 9FD592512E6D21CB005E9CC9 /* XCRemoteSwiftPackageReference "Moya" */;
			productName = CombineMoya;
		};
		9FD592542E6D21CB005E9CC9 /* Moya */ = {
			isa = XCSwiftPackageProductDependency;
			package = 9FD592512E6D21CB005E9CC9 /* XCRemoteSwiftPackageReference "Moya" */;
			productName = Moya;
		};
		9FD592562E6D21CB005E9CC9 /* ReactiveMoya */ = {
			isa = XCSwiftPackageProductDependency;
			package = 9FD592512E6D21CB005E9CC9 /* XCRemoteSwiftPackageReference "Moya" */;
			productName = ReactiveMoya;
		};
		9FD592582E6D21CB005E9CC9 /* RxMoya */ = {
			isa = XCSwiftPackageProductDependency;
			package = 9FD592512E6D21CB005E9CC9 /* XCRemoteSwiftPackageReference "Moya" */;
			productName = RxMoya;
		};
/* End XCSwiftPackageProductDependency section */
	};
	rootObject = 9F8C57362E5AC091001803F2 /* Project object */;
}
